// !$*UTF8*$!
{
	archiveVersion = 1;
	classes = {
	};
	objectVersion = 48;
	objects = {

/* Begin PBXBuildFile section */
		5034A9DB1FD78EF4009DC98C /* AppDelegate.m in Sources */ = {isa = PBXBuildFile; fileRef = 5034A9DA1FD78EF4009DC98C /* AppDelegate.m */; };
		5034A9DE1FD78EF4009DC98C /* ViewController.m in Sources */ = {isa = PBXBuildFile; fileRef = 5034A9DD1FD78EF4009DC98C /* ViewController.m */; };
		5034A9E11FD78EF4009DC98C /* Main.storyboard in Resources */ = {isa = PBXBuildFile; fileRef = 5034A9DF1FD78EF4009DC98C /* Main.storyboard */; };
		5034A9E31FD78EF4009DC98C /* Assets.xcassets in Resources */ = {isa = PBXBuildFile; fileRef = 5034A9E21FD78EF4009DC98C /* Assets.xcassets */; };
		5034A9E61FD78EF4009DC98C /* LaunchScreen.storyboard in Resources */ = {isa = PBXBuildFile; fileRef = 5034A9E41FD78EF4009DC98C /* LaunchScreen.storyboard */; };
		5034A9E91FD78EF4009DC98C /* main.m in Sources */ = {isa = PBXBuildFile; fileRef = 5034A9E81FD78EF4009DC98C /* main.m */; };
		87A942DB3A32EEA4B6A9B9AD /* libPods-MyMobileApp.a in Frameworks */ = {isa = PBXBuildFile; fileRef = 780D24B5C239C72E565E503D /* libPods-MyMobileApp.a */; };
/* End PBXBuildFile section */

/* Begin PBXFileReference section */
		5034A9D61FD78EF4009DC98C /* MyMobileApp.app */ = {isa = PBXFileReference; explicitFileType = wrapper.application; includeInIndex = 0; path = MyMobileApp.app; sourceTree = BUILT_PRODUCTS_DIR; };
		5034A9D91FD78EF4009DC98C /* AppDelegate.h */ = {isa = PBXFileReference; lastKnownFileType = sourcecode.c.h; path = AppDelegate.h; sourceTree = "<group>"; };
		5034A9DA1FD78EF4009DC98C /* AppDelegate.m */ = {isa = PBXFileReference; lastKnownFileType = sourcecode.c.objc; path = AppDelegate.m; sourceTree = "<group>"; };
		5034A9DC1FD78EF4009DC98C /* ViewController.h */ = {isa = PBXFileReference; lastKnownFileType = sourcecode.c.h; path = ViewController.h; sourceTree = "<group>"; };
		5034A9DD1FD78EF4009DC98C /* ViewController.m */ = {isa = PBXFileReference; lastKnownFileType = sourcecode.c.objc; path = ViewController.m; sourceTree = "<group>"; };
		5034A9E01FD78EF4009DC98C /* Base */ = {isa = PBXFileReference; lastKnownFileType = file.storyboard; name = Base; path = Base.lproj/Main.storyboard; sourceTree = "<group>"; };
		5034A9E21FD78EF4009DC98C /* Assets.xcassets */ = {isa = PBXFileReference; lastKnownFileType = folder.assetcatalog; path = Assets.xcassets; sourceTree = "<group>"; };
		5034A9E51FD78EF4009DC98C /* Base */ = {isa = PBXFileReference; lastKnownFileType = file.storyboard; name = Base; path = Base.lproj/LaunchScreen.storyboard; sourceTree = "<group>"; };
		5034A9E71FD78EF4009DC98C /* Info.plist */ = {isa = PBXFileReference; lastKnownFileType = text.plist.xml; path = Info.plist; sourceTree = "<group>"; };
		5034A9E81FD78EF4009DC98C /* main.m */ = {isa = PBXFileReference; lastKnownFileType = sourcecode.c.objc; path = main.m; sourceTree = "<group>"; };
		780D24B5C239C72E565E503D /* libPods-MyMobileApp.a */ = {isa = PBXFileReference; explicitFileType = archive.ar; includeInIndex = 0; path = "libPods-MyMobileApp.a"; sourceTree = BUILT_PRODUCTS_DIR; };
		B05056322EE2392019728A77 /* Pods-MyMobileApp.release.xcconfig */ = {isa = PBXFileReference; includeInIndex = 1; lastKnownFileType = text.xcconfig; name = "Pods-MyMobileApp.release.xcconfig"; path = "Pods/Target Support Files/Pods-MyMobileApp/Pods-MyMobileApp.release.xcconfig"; sourceTree = "<group>"; };
		CA77045BAD6CC2D9BB7A105C /* Pods-MyMobileApp.debug.xcconfig */ = {isa = PBXFileReference; includeInIndex = 1; lastKnownFileType = text.xcconfig; name = "Pods-MyMobileApp.debug.xcconfig"; path = "Pods/Target Support Files/Pods-MyMobileApp/Pods-MyMobileApp.debug.xcconfig"; sourceTree = "<group>"; };
/* End PBXFileReference section */

/* Begin PBXFrameworksBuildPhase section */
		5034A9D31FD78EF4009DC98C /* Frameworks */ = {
			isa = PBXFrameworksBuildPhase;
			buildActionMask = 2147483647;
			files = (
				87A942DB3A32EEA4B6A9B9AD /* libPods-MyMobileApp.a in Frameworks */,
			);
			runOnlyForDeploymentPostprocessing = 0;
		};
/* End PBXFrameworksBuildPhase section */

/* Begin PBXGroup section */
		345CAC0C517C8724E09E20CD /* Frameworks */ = {
			isa = PBXGroup;
			children = (
				780D24B5C239C72E565E503D /* libPods-MyMobileApp.a */,
			);
			name = Frameworks;
			sourceTree = "<group>";
		};
		5034A9CD1FD78EF3009DC98C = {
			isa = PBXGroup;
			children = (
				5034A9D81FD78EF4009DC98C /* MyMobileApp */,
				5034A9D71FD78EF4009DC98C /* Products */,
				64B69FF12BCA205A4C9DF496 /* Pods */,
				345CAC0C517C8724E09E20CD /* Frameworks */,
			);
			sourceTree = "<group>";
		};
		5034A9D71FD78EF4009DC98C /* Products */ = {
			isa = PBXGroup;
			children = (
				5034A9D61FD78EF4009DC98C /* MyMobileApp.app */,
			);
			name = Products;
			sourceTree = "<group>";
		};
		5034A9D81FD78EF4009DC98C /* MyMobileApp */ = {
			isa = PBXGroup;
			children = (
				5034A9D91FD78EF4009DC98C /* AppDelegate.h */,
				5034A9DA1FD78EF4009DC98C /* AppDelegate.m */,
				5034A9DC1FD78EF4009DC98C /* ViewController.h */,
				5034A9DD1FD78EF4009DC98C /* ViewController.m */,
				5034A9DF1FD78EF4009DC98C /* Main.storyboard */,
				5034A9E21FD78EF4009DC98C /* Assets.xcassets */,
				5034A9E41FD78EF4009DC98C /* LaunchScreen.storyboard */,
				5034A9E71FD78EF4009DC98C /* Info.plist */,
				5034A9E81FD78EF4009DC98C /* main.m */,
			);
			path = MyMobileApp;
			sourceTree = "<group>";
		};
		64B69FF12BCA205A4C9DF496 /* Pods */ = {
			isa = PBXGroup;
			children = (
				CA77045BAD6CC2D9BB7A105C /* Pods-MyMobileApp.debug.xcconfig */,
				B05056322EE2392019728A77 /* Pods-MyMobileApp.release.xcconfig */,
			);
			name = Pods;
			sourceTree = "<group>";
		};
/* End PBXGroup section */

/* Begin PBXNativeTarget section */
		5034A9D51FD78EF4009DC98C /* MyMobileApp */ = {
			isa = PBXNativeTarget;
			buildConfigurationList = 5034A9EC1FD78EF4009DC98C /* Build configuration list for PBXNativeTarget "MyMobileApp" */;
			buildPhases = (
				C6581372CAE89F2B19496AAB /* [CP] Check Pods Manifest.lock */,
				5034A9D21FD78EF4009DC98C /* Sources */,
				5034A9D31FD78EF4009DC98C /* Frameworks */,
				5034A9D41FD78EF4009DC98C /* Resources */,
				97CE636CE4AEECC4C1BBDFFB /* [CP] Embed Pods Frameworks */,
				47208A30FA8EFCC2F1E7E5A2 /* [CP] Copy Pods Resources */,
			);
			buildRules = (
			);
			dependencies = (
			);
			name = MyMobileApp;
			productName = MyMobileApp;
			productReference = 5034A9D61FD78EF4009DC98C /* MyMobileApp.app */;
			productType = "com.apple.product-type.application";
		};
/* End PBXNativeTarget section */

/* Begin PBXProject section */
		5034A9CE1FD78EF3009DC98C /* Project object */ = {
			isa = PBXProject;
			attributes = {
				LastUpgradeCheck = 0910;
				ORGANIZATIONNAME = taiyh;
				TargetAttributes = {
					5034A9D51FD78EF4009DC98C = {
						CreatedOnToolsVersion = 9.1;
						ProvisioningStyle = Automatic;
					};
				};
			};
			buildConfigurationList = 5034A9D11FD78EF3009DC98C /* Build configuration list for PBXProject "MyMobileApp" */;
			compatibilityVersion = "Xcode 8.0";
			developmentRegion = en;
			hasScannedForEncodings = 0;
			knownRegions = (
				en,
				Base,
			);
			mainGroup = 5034A9CD1FD78EF3009DC98C;
			productRefGroup = 5034A9D71FD78EF4009DC98C /* Products */;
			projectDirPath = "";
			projectRoot = "";
			targets = (
				5034A9D51FD78EF4009DC98C /* MyMobileApp */,
			);
		};
/* End PBXProject section */

/* Begin PBXResourcesBuildPhase section */
		5034A9D41FD78EF4009DC98C /* Resources */ = {
			isa = PBXResourcesBuildPhase;
			buildActionMask = 2147483647;
			files = (
				5034A9E61FD78EF4009DC98C /* LaunchScreen.storyboard in Resources */,
				5034A9E31FD78EF4009DC98C /* Assets.xcassets in Resources */,
				5034A9E11FD78EF4009DC98C /* Main.storyboard in Resources */,
			);
			runOnlyForDeploymentPostprocessing = 0;
		};
/* End PBXResourcesBuildPhase section */

/* Begin PBXShellScriptBuildPhase section */
		47208A30FA8EFCC2F1E7E5A2 /* [CP] Copy Pods Resources */ = {
			isa = PBXShellScriptBuildPhase;
			buildActionMask = 2147483647;
			files = (
			);
			inputPaths = (
			);
			name = "[CP] Copy Pods Resources";
			outputPaths = (
			);
			runOnlyForDeploymentPostprocessing = 0;
			shellPath = /bin/sh;
			shellScript = "\"${SRCROOT}/Pods/Target Support Files/Pods-MyMobileApp/Pods-MyMobileApp-resources.sh\"\n";
			showEnvVarsInLog = 0;
		};
		97CE636CE4AEECC4C1BBDFFB /* [CP] Embed Pods Frameworks */ = {
			isa = PBXShellScriptBuildPhase;
			buildActionMask = 2147483647;
			files = (
			);
			inputPaths = (
			);
			name = "[CP] Embed Pods Frameworks";
			outputPaths = (
			);
			runOnlyForDeploymentPostprocessing = 0;
			shellPath = /bin/sh;
			shellScript = "\"${SRCROOT}/Pods/Target Support Files/Pods-MyMobileApp/Pods-MyMobileApp-frameworks.sh\"\n";
			showEnvVarsInLog = 0;
		};
		C6581372CAE89F2B19496AAB /* [CP] Check Pods Manifest.lock */ = {
			isa = PBXShellScriptBuildPhase;
			buildActionMask = 2147483647;
			files = (
			);
			inputPaths = (
				"${PODS_PODFILE_DIR_PATH}/Podfile.lock",
				"${PODS_ROOT}/Manifest.lock",
			);
			name = "[CP] Check Pods Manifest.lock";
			outputPaths = (
				"$(DERIVED_FILE_DIR)/Pods-MyMobileApp-checkManifestLockResult.txt",
			);
			runOnlyForDeploymentPostprocessing = 0;
			shellPath = /bin/sh;
			shellScript = "diff \"${PODS_PODFILE_DIR_PATH}/Podfile.lock\" \"${PODS_ROOT}/Manifest.lock\" > /dev/null\nif [ $? != 0 ] ; then\n    # print error to STDERR\n    echo \"error: The sandbox is not in sync with the Podfile.lock. Run 'pod install' or update your CocoaPods installation.\" >&2\n    exit 1\nfi\n# This output is used by Xcode 'outputs' to avoid re-running this script phase.\necho \"SUCCESS\" > \"${SCRIPT_OUTPUT_FILE_0}\"\n";
			showEnvVarsInLog = 0;
		};
/* End PBXShellScriptBuildPhase section */

/* Begin PBXSourcesBuildPhase section */
		5034A9D21FD78EF4009DC98C /* Sources */ = {
			isa = PBXSourcesBuildPhase;
			buildActionMask = 2147483647;
			files = (
				5034A9DE1FD78EF4009DC98C /* ViewController.m in Sources */,
				5034A9E91FD78EF4009DC98C /* main.m in Sources */,
				5034A9DB1FD78EF4009DC98C /* AppDelegate.m in Sources */,
			);
			runOnlyForDeploymentPostprocessing = 0;
		};
/* End PBXSourcesBuildPhase section */

/* Begin PBXVariantGroup section */
		5034A9DF1FD78EF4009DC98C /* Main.storyboard */ = {
			isa = PBXVariantGroup;
			children = (
				5034A9E01FD78EF4009DC98C /* Base */,
			);
			name = Main.storyboard;
			sourceTree = "<group>";
		};
		5034A9E41FD78EF4009DC98C /* LaunchScreen.storyboard */ = {
			isa = PBXVariantGroup;
			children = (
				5034A9E51FD78EF4009DC98C /* Base */,
			);
			name = LaunchScreen.storyboard;
			sourceTree = "<group>";
		};
/* End PBXVariantGroup section */

/* Begin XCBuildConfiguration section */
		5034A9EA1FD78EF4009DC98C /* Debug */ = {
			isa = XCBuildConfiguration;
			buildSettings = {
				ALWAYS_SEARCH_USER_PATHS = NO;
				CLANG_ANALYZER_NONNULL = YES;
				CLANG_ANALYZER_NUMBER_OBJECT_CONVERSION = YES_AGGRESSIVE;
				CLANG_CXX_LANGUAGE_STANDARD = "gnu++14";
				CLANG_CXX_LIBRARY = "libc++";
				CLANG_ENABLE_MODULES = YES;
				CLANG_ENABLE_OBJC_ARC = YES;
				CLANG_WARN_BLOCK_CAPTURE_AUTORELEASING = YES;
				CLANG_WARN_BOOL_CONVERSION = YES;
				CLANG_WARN_COMMA = YES;
				CLANG_WARN_CONSTANT_CONVERSION = YES;
				CLANG_WARN_DIRECT_OBJC_ISA_USAGE = YES_ERROR;
				CLANG_WARN_DOCUMENTATION_COMMENTS = YES;
				CLANG_WARN_EMPTY_BODY = YES;
				CLANG_WARN_ENUM_CONVERSION = YES;
				CLANG_WARN_INFINITE_RECURSION = YES;
				CLANG_WARN_INT_CONVERSION = YES;
				CLANG_WARN_NON_LITERAL_NULL_CONVERSION = YES;
				CLANG_WARN_OBJC_LITERAL_CONVERSION = YES;
				CLANG_WARN_OBJC_ROOT_CLASS = YES_ERROR;
				CLANG_WARN_RANGE_LOOP_ANALYSIS = YES;
				CLANG_WARN_STRICT_PROTOTYPES = YES;
				CLANG_WARN_SUSPICIOUS_MOVE = YES;
				CLANG_WARN_UNGUARDED_AVAILABILITY = YES_AGGRESSIVE;
				CLANG_WARN_UNREACHABLE_CODE = YES;
				CLANG_WARN__DUPLICATE_METHOD_MATCH = YES;
				CODE_SIGN_IDENTITY = "iPhone Developer";
				COPY_PHASE_STRIP = NO;
				DEBUG_INFORMATION_FORMAT = dwarf;
				ENABLE_STRICT_OBJC_MSGSEND = YES;
				ENABLE_TESTABILITY = YES;
				GCC_C_LANGUAGE_STANDARD = gnu11;
				GCC_DYNAMIC_NO_PIC = NO;
				GCC_NO_COMMON_BLOCKS = YES;
				GCC_OPTIMIZATION_LEVEL = 0;
				GCC_PREPROCESSOR_DEFINITIONS = (
					"DEBUG=1",
					"$(inherited)",
				);
				GCC_WARN_64_TO_32_BIT_CONVERSION = YES;
				GCC_WARN_ABOUT_RETURN_TYPE = YES_ERROR;
				GCC_WARN_UNDECLARED_SELECTOR = YES;
				GCC_WARN_UNINITIALIZED_AUTOS = YES_AGGRESSIVE;
				GCC_WARN_UNUSED_FUNCTION = YES;
				GCC_WARN_UNUSED_VARIABLE = YES;
				IPHONEOS_DEPLOYMENT_TARGET = 11.1;
				MTL_ENABLE_DEBUG_INFO = YES;
				ONLY_ACTIVE_ARCH = YES;
				SDKROOT = iphoneos;
			};
			name = Debug;
		};
		5034A9EB1FD78EF4009DC98C /* Release */ = {
			isa = XCBuildConfiguration;
			buildSettings = {
				ALWAYS_SEARCH_USER_PATHS = NO;
				CLANG_ANALYZER_NONNULL = YES;
				CLANG_ANALYZER_NUMBER_OBJECT_CONVERSION = YES_AGGRESSIVE;
				CLANG_CXX_LANGUAGE_STANDARD = "gnu++14";
				CLANG_CXX_LIBRARY = "libc++";
				CLANG_ENABLE_MODULES = YES;
				CLANG_ENABLE_OBJC_ARC = YES;
				CLANG_WARN_BLOCK_CAPTURE_AUTORELEASING = YES;
				CLANG_WARN_BOOL_CONVERSION = YES;
				CLANG_WARN_COMMA = YES;
				CLANG_WARN_CONSTANT_CONVERSION = YES;
				CLANG_WARN_DIRECT_OBJC_ISA_USAGE = YES_ERROR;
				CLANG_WARN_DOCUMENTATION_COMMENTS = YES;
				CLANG_WARN_EMPTY_BODY = YES;
				CLANG_WARN_ENUM_CONVERSION = YES;
				CLANG_WARN_INFINITE_RECURSION = YES;
				CLANG_WARN_INT_CONVERSION = YES;
				CLANG_WARN_NON_LITERAL_NULL_CONVERSION = YES;
				CLANG_WARN_OBJC_LITERAL_CONVERSION = YES;
				CLANG_WARN_OBJC_ROOT_CLASS = YES_ERROR;
				CLANG_WARN_RANGE_LOOP_ANALYSIS = YES;
				CLANG_WARN_STRICT_PROTOTYPES = YES;
				CLANG_WARN_SUSPICIOUS_MOVE = YES;
				CLANG_WARN_UNGUARDED_AVAILABILITY = YES_AGGRESSIVE;
				CLANG_WARN_UNREACHABLE_CODE = YES;
				CLANG_WARN__DUPLICATE_METHOD_MATCH = YES;
				CODE_SIGN_IDENTITY = "iPhone Developer";
				COPY_PHASE_STRIP = NO;
				DEBUG_INFORMATION_FORMAT = "dwarf-with-dsym";
				ENABLE_NS_ASSERTIONS = NO;
				ENABLE_STRICT_OBJC_MSGSEND = YES;
				GCC_C_LANGUAGE_STANDARD = gnu11;
				GCC_NO_COMMON_BLOCKS = YES;
				GCC_WARN_64_TO_32_BIT_CONVERSION = YES;
				GCC_WARN_ABOUT_RETURN_TYPE = YES_ERROR;
				GCC_WARN_UNDECLARED_SELECTOR = YES;
				GCC_WARN_UNINITIALIZED_AUTOS = YES_AGGRESSIVE;
				GCC_WARN_UNUSED_FUNCTION = YES;
				GCC_WARN_UNUSED_VARIABLE = YES;
				IPHONEOS_DEPLOYMENT_TARGET = 11.1;
				MTL_ENABLE_DEBUG_INFO = NO;
				SDKROOT = iphoneos;
				VALIDATE_PRODUCT = YES;
			};
			name = Release;
		};
		5034A9ED1FD78EF4009DC98C /* Debug */ = {
			isa = XCBuildConfiguration;
			baseConfigurationReference = CA77045BAD6CC2D9BB7A105C /* Pods-MyMobileApp.debug.xcconfig */;
			buildSettings = {
				ASSETCATALOG_COMPILER_APPICON_NAME = AppIcon;
				CODE_SIGN_STYLE = Automatic;
				DEVELOPMENT_TEAM = 3NF59D2CW5;
				INFOPLIST_FILE = MyMobileApp/Info.plist;
				LD_RUNPATH_SEARCH_PATHS = "$(inherited) @executable_path/Frameworks";
				PRODUCT_BUNDLE_IDENTIFIER = com.taiyh.MyMobileApp;
				PRODUCT_NAME = "$(TARGET_NAME)";
				TARGETED_DEVICE_FAMILY = "1,2";
			};
			name = Debug;
		};
		5034A9EE1FD78EF4009DC98C /* Release */ = {
			isa = XCBuildConfiguration;
			baseConfigurationReference = B05056322EE2392019728A77 /* Pods-MyMobileApp.release.xcconfig */;
			buildSettings = {
				ASSETCATALOG_COMPILER_APPICON_NAME = AppIcon;
				CODE_SIGN_STYLE = Automatic;
				DEVELOPMENT_TEAM = 3NF59D2CW5;
				INFOPLIST_FILE = MyMobileApp/Info.plist;
				LD_RUNPATH_SEARCH_PATHS = "$(inherited) @executable_path/Frameworks";
				PRODUCT_BUNDLE_IDENTIFIER = com.taiyh.MyMobileApp;
				PRODUCT_NAME = "$(TARGET_NAME)";
				TARGETED_DEVICE_FAMILY = "1,2";
			};
			name = Release;
		};
/* End XCBuildConfiguration section */

/* Begin XCConfigurationList section */
		5034A9D11FD78EF3009DC98C /* Build configuration list for PBXProject "MyMobileApp" */ = {
			isa = XCConfigurationList;
			buildConfigurations = (
				5034A9EA1FD78EF4009DC98C /* Debug */,
				5034A9EB1FD78EF4009DC98C /* Release */,
			);
			defaultConfigurationIsVisible = 0;
			defaultConfigurationName = Release;
		};
		5034A9EC1FD78EF4009DC98C /* Build configuration list for PBXNativeTarget "MyMobileApp" */ = {
			isa = XCConfigurationList;
			buildConfigurations = (
				5034A9ED1FD78EF4009DC98C /* Debug */,
				5034A9EE1FD78EF4009DC98C /* Release */,
			);
			defaultConfigurationIsVisible = 0;
			defaultConfigurationName = Release;
		};
/* End XCConfigurationList section */
	};
	rootObject = 5034A9CE1FD78EF3009DC98C /* Project object */;
}
